
Microsoft Visual Studio Solution File, Format Version 12.00
# Visual Studio 2013
Project("{8BC9CEB8-8B4A-11D0-8D11-00A0C91BC942}") = "liblilfes", "lilfes\liblilfes\liblilfes.vcxproj", "{45FE83CD-189E-4658-A13F-B7D1DCC5B540}"
EndProject
Project("{8BC9CEB8-8B4A-11D0-8D11-00A0C91BC942}") = "lilfes", "lilfes\lilfes\lilfes.vcxproj", "{35F783B1-FBD7-4A82-BDEF-2FDD0500708F}"
	ProjectSection(ProjectDependencies) = postProject
		{45FE83CD-189E-4658-A13F-B7D1DCC5B540} = {45FE83CD-189E-4658-A13F-B7D1DCC5B540}
	EndProjectSection
EndProject
Project("{8BC9CEB8-8B4A-11D0-8D11-00A0C91BC942}") = "libmayz", "mayz\libmayz\libmayz.vcxproj", "{4707DD29-241D-4CA5-9697-82E234EFAFA9}"
EndProject
Project("{8BC9CEB8-8B4A-11D0-8D11-00A0C91BC942}") = "libup", "mayz\libup\libup.vcxproj", "{19D69265-70D1-434A-9E26-201367AC7E4E}"
EndProject
Project("{8BC9CEB8-8B4A-11D0-8D11-00A0C91BC942}") = "super", "mayz\super\super.vcxproj", "{26E1447B-32EB-40EE-8AA2-4F1E7C0011AA}"
	ProjectSection(ProjectDependencies) = postProject
		{4707DD29-241D-4CA5-9697-82E234EFAFA9} = {4707DD29-241D-4CA5-9697-82E234EFAFA9}
		{19D69265-70D1-434A-9E26-201367AC7E4E} = {19D69265-70D1-434A-9E26-201367AC7E4E}
		{45FE83CD-189E-4658-A13F-B7D1DCC5B540} = {45FE83CD-189E-4658-A13F-B7D1DCC5B540}
	EndProjectSection
EndProject
Project("{8BC9CEB8-8B4A-11D0-8D11-00A0C91BC942}") = "treetrans", "mayz\treetrans\treetrans.vcxproj", "{01FD82E0-2AE7-4669-BD64-971AF844E3FD}"
	ProjectSection(ProjectDependencies) = postProject
		{4707DD29-241D-4CA5-9697-82E234EFAFA9} = {4707DD29-241D-4CA5-9697-82E234EFAFA9}
		{45FE83CD-189E-4658-A13F-B7D1DCC5B540} = {45FE83CD-189E-4658-A13F-B7D1DCC5B540}
	EndProjectSection
EndProject
Project("{8BC9CEB8-8B4A-11D0-8D11-00A0C91BC942}") = "lexextract", "mayz\lexextract\lexextract.vcxproj", "{ECE6C5F0-9C83-411F-BCF5-EA05DF712DA8}"
	ProjectSection(ProjectDependencies) = postProject
		{45FE83CD-189E-4658-A13F-B7D1DCC5B540} = {45FE83CD-189E-4658-A13F-B7D1DCC5B540}
	EndProjectSection
EndProject
Project("{8BC9CEB8-8B4A-11D0-8D11-00A0C91BC942}") = "lexrefine", "mayz\lexrefine\lexrefine.vcxproj", "{DB6F5066-FDAA-42C3-811E-45C016D4133B}"
	ProjectSection(ProjectDependencies) = postProject
		{45FE83CD-189E-4658-A13F-B7D1DCC5B540} = {45FE83CD-189E-4658-A13F-B7D1DCC5B540}
	EndProjectSection
EndProject
Project("{8BC9CEB8-8B4A-11D0-8D11-00A0C91BC942}") = "lexmerge", "mayz\lexmerge\lexmerge.vcxproj", "{5C4B67E0-5798-4108-8B8C-1CE50349B582}"
	ProjectSection(ProjectDependencies) = postProject
		{45FE83CD-189E-4658-A13F-B7D1DCC5B540} = {45FE83CD-189E-4658-A13F-B7D1DCC5B540}
	EndProjectSection
EndProject
Project("{8BC9CEB8-8B4A-11D0-8D11-00A0C91BC942}") = "unimaker", "mayz\unimaker\unimaker.vcxproj", "{47ABCB28-F5F5-4615-900B-E9D2A643A4F6}"
	ProjectSection(ProjectDependencies) = postProject
		{4707DD29-241D-4CA5-9697-82E234EFAFA9} = {4707DD29-241D-4CA5-9697-82E234EFAFA9}
		{19D69265-70D1-434A-9E26-201367AC7E4E} = {19D69265-70D1-434A-9E26-201367AC7E4E}
		{45FE83CD-189E-4658-A13F-B7D1DCC5B540} = {45FE83CD-189E-4658-A13F-B7D1DCC5B540}
	EndProjectSection
EndProject
Project("{8BC9CEB8-8B4A-11D0-8D11-00A0C91BC942}") = "amisfilter", "mayz\amisfilter\amisfilter.vcxproj", "{2CE384CD-191F-4079-9855-2537E83B369D}"
	ProjectSection(ProjectDependencies) = postProject
		{45FE83CD-189E-4658-A13F-B7D1DCC5B540} = {45FE83CD-189E-4658-A13F-B7D1DCC5B540}
	EndProjectSection
EndProject
Project("{8BC9CEB8-8B4A-11D0-8D11-00A0C91BC942}") = "lex2html", "mayz\lex2html\lex2html.vcxproj", "{DCBD99FE-BF9E-4474-AFEE-A78ACE1E8FCD}"
	ProjectSection(ProjectDependencies) = postProject
		{45FE83CD-189E-4658-A13F-B7D1DCC5B540} = {45FE83CD-189E-4658-A13F-B7D1DCC5B540}
	EndProjectSection
EndProject
Project("{8BC9CEB8-8B4A-11D0-8D11-00A0C91BC942}") = "forestmaker", "mayz\forestmaker\forestmaker.vcxproj", "{8B53D130-0DCB-478A-B4AB-7E162AFD4DFE}"
	ProjectSection(ProjectDependencies) = postProject
		{19D69265-70D1-434A-9E26-201367AC7E4E} = {19D69265-70D1-434A-9E26-201367AC7E4E}
		{45FE83CD-189E-4658-A13F-B7D1DCC5B540} = {45FE83CD-189E-4658-A13F-B7D1DCC5B540}
	EndProjectSection
EndProject
Project("{8BC9CEB8-8B4A-11D0-8D11-00A0C91BC942}") = "up", "mayz\up\up.vcxproj", "{EE097FF0-4081-40F1-8767-23F90BE8884B}"
	ProjectSection(ProjectDependencies) = postProject
		{4707DD29-241D-4CA5-9697-82E234EFAFA9} = {4707DD29-241D-4CA5-9697-82E234EFAFA9}
		{19D69265-70D1-434A-9E26-201367AC7E4E} = {19D69265-70D1-434A-9E26-201367AC7E4E}
		{45FE83CD-189E-4658-A13F-B7D1DCC5B540} = {45FE83CD-189E-4658-A13F-B7D1DCC5B540}
	EndProjectSection
EndProject
Project("{8BC9CEB8-8B4A-11D0-8D11-00A0C91BC942}") = "enju", "enju\enju\enju.vcxproj", "{2BF8D667-E887-42FC-978A-2482A2BD22DF}"
	ProjectSection(ProjectDependencies) = postProject
		{4707DD29-241D-4CA5-9697-82E234EFAFA9} = {4707DD29-241D-4CA5-9697-82E234EFAFA9}
		{19D69265-70D1-434A-9E26-201367AC7E4E} = {19D69265-70D1-434A-9E26-201367AC7E4E}
		{45FE83CD-189E-4658-A13F-B7D1DCC5B540} = {45FE83CD-189E-4658-A13F-B7D1DCC5B540}
	EndProjectSection
EndProject
Project("{8BC9CEB8-8B4A-11D0-8D11-00A0C91BC942}") = "enju-morph", "enju\enju-morph\enju-morph.vcxproj", "{E1CF1402-FB36-40B4-9A60-980E427FAB00}"
	ProjectSection(ProjectDependencies) = postProject
		{19D69265-70D1-434A-9E26-201367AC7E4E} = {19D69265-70D1-434A-9E26-201367AC7E4E}
		{45FE83CD-189E-4658-A13F-B7D1DCC5B540} = {45FE83CD-189E-4658-A13F-B7D1DCC5B540}
	EndProjectSection
EndProject
Project("{8BC9CEB8-8B4A-11D0-8D11-00A0C91BC942}") = "stepp-learn", "stepp-tagger\stepp-learn\stepp-learn.vcxproj", "{2BA92008-0070-4E46-BFCF-5DA311317E97}"
EndProject
Project("{8BC9CEB8-8B4A-11D0-8D11-00A0C91BC942}") = "stepp-eval", "stepp-tagger\stepp-eval\stepp-eval.vcxproj", "{BD9A7921-8D72-4536-8D1E-BCBB03DD3F41}"
EndProject
Project("{8BC9CEB8-8B4A-11D0-8D11-00A0C91BC942}") = "stepp", "stepp-tagger\stepp\stepp.vcxproj", "{FC74DF76-91B2-459F-8531-F127B92E4106}"
EndProject
Project("{8BC9CEB8-8B4A-11D0-8D11-00A0C91BC942}") = "mogura", "mogura\mogura\mogura.vcxproj", "{FE8F579D-ED32-4BB2-A55A-E7BC61477F0D}"
	ProjectSection(ProjectDependencies) = postProject
		{4707DD29-241D-4CA5-9697-82E234EFAFA9} = {4707DD29-241D-4CA5-9697-82E234EFAFA9}
		{19D69265-70D1-434A-9E26-201367AC7E4E} = {19D69265-70D1-434A-9E26-201367AC7E4E}
		{45FE83CD-189E-4658-A13F-B7D1DCC5B540} = {45FE83CD-189E-4658-A13F-B7D1DCC5B540}
	EndProjectSection
EndProject
Global
	GlobalSection(SolutionConfigurationPlatforms) = preSolution
		Debug|Win32 = Debug|Win32
		Release|Win32 = Release|Win32
	EndGlobalSection
	GlobalSection(ProjectConfigurationPlatforms) = postSolution
		{45FE83CD-189E-4658-A13F-B7D1DCC5B540}.Debug|Win32.ActiveCfg = Debug|Win32
		{45FE83CD-189E-4658-A13F-B7D1DCC5B540}.Debug|Win32.Build.0 = Debug|Win32
		{45FE83CD-189E-4658-A13F-B7D1DCC5B540}.Release|Win32.ActiveCfg = Release|Win32
		{45FE83CD-189E-4658-A13F-B7D1DCC5B540}.Release|Win32.Build.0 = Release|Win32
		{35F783B1-FBD7-4A82-BDEF-2FDD0500708F}.Debug|Win32.ActiveCfg = Debug|Win32
		{35F783B1-FBD7-4A82-BDEF-2FDD0500708F}.Debug|Win32.Build.0 = Debug|Win32
		{35F783B1-FBD7-4A82-BDEF-2FDD0500708F}.Release|Win32.ActiveCfg = Release|Win32
		{35F783B1-FBD7-4A82-BDEF-2FDD0500708F}.Release|Win32.Build.0 = Release|Win32
		{4707DD29-241D-4CA5-9697-82E234EFAFA9}.Debug|Win32.ActiveCfg = Debug|Win32
		{4707DD29-241D-4CA5-9697-82E234EFAFA9}.Debug|Win32.Build.0 = Debug|Win32
		{4707DD29-241D-4CA5-9697-82E234EFAFA9}.Release|Win32.ActiveCfg = Release|Win32
		{4707DD29-241D-4CA5-9697-82E234EFAFA9}.Release|Win32.Build.0 = Release|Win32
		{19D69265-70D1-434A-9E26-201367AC7E4E}.Debug|Win32.ActiveCfg = Debug|Win32
		{19D69265-70D1-434A-9E26-201367AC7E4E}.Debug|Win32.Build.0 = Debug|Win32
		{19D69265-70D1-434A-9E26-201367AC7E4E}.Release|Win32.ActiveCfg = Release|Win32
		{19D69265-70D1-434A-9E26-201367AC7E4E}.Release|Win32.Build.0 = Release|Win32
		{26E1447B-32EB-40EE-8AA2-4F1E7C0011AA}.Debug|Win32.ActiveCfg = Debug|Win32
		{26E1447B-32EB-40EE-8AA2-4F1E7C0011AA}.Debug|Win32.Build.0 = Debug|Win32
		{26E1447B-32EB-40EE-8AA2-4F1E7C0011AA}.Release|Win32.ActiveCfg = Release|Win32
		{26E1447B-32EB-40EE-8AA2-4F1E7C0011AA}.Release|Win32.Build.0 = Release|Win32
		{01FD82E0-2AE7-4669-BD64-971AF844E3FD}.Debug|Win32.ActiveCfg = Debug|Win32
		{01FD82E0-2AE7-4669-BD64-971AF844E3FD}.Debug|Win32.Build.0 = Debug|Win32
		{01FD82E0-2AE7-4669-BD64-971AF844E3FD}.Release|Win32.ActiveCfg = Release|Win32
		{01FD82E0-2AE7-4669-BD64-971AF844E3FD}.Release|Win32.Build.0 = Release|Win32
		{ECE6C5F0-9C83-411F-BCF5-EA05DF712DA8}.Debug|Win32.ActiveCfg = Debug|Win32
		{ECE6C5F0-9C83-411F-BCF5-EA05DF712DA8}.Debug|Win32.Build.0 = Debug|Win32
		{ECE6C5F0-9C83-411F-BCF5-EA05DF712DA8}.Release|Win32.ActiveCfg = Release|Win32
		{ECE6C5F0-9C83-411F-BCF5-EA05DF712DA8}.Release|Win32.Build.0 = Release|Win32
		{DB6F5066-FDAA-42C3-811E-45C016D4133B}.Debug|Win32.ActiveCfg = Debug|Win32
		{DB6F5066-FDAA-42C3-811E-45C016D4133B}.Debug|Win32.Build.0 = Debug|Win32
		{DB6F5066-FDAA-42C3-811E-45C016D4133B}.Release|Win32.ActiveCfg = Release|Win32
		{DB6F5066-FDAA-42C3-811E-45C016D4133B}.Release|Win32.Build.0 = Release|Win32
		{5C4B67E0-5798-4108-8B8C-1CE50349B582}.Debug|Win32.ActiveCfg = Debug|Win32
		{5C4B67E0-5798-4108-8B8C-1CE50349B582}.Debug|Win32.Build.0 = Debug|Win32
		{5C4B67E0-5798-4108-8B8C-1CE50349B582}.Release|Win32.ActiveCfg = Release|Win32
		{5C4B67E0-5798-4108-8B8C-1CE50349B582}.Release|Win32.Build.0 = Release|Win32
		{47ABCB28-F5F5-4615-900B-E9D2A643A4F6}.Debug|Win32.ActiveCfg = Debug|Win32
		{47ABCB28-F5F5-4615-900B-E9D2A643A4F6}.Debug|Win32.Build.0 = Debug|Win32
		{47ABCB28-F5F5-4615-900B-E9D2A643A4F6}.Release|Win32.ActiveCfg = Release|Win32
		{47ABCB28-F5F5-4615-900B-E9D2A643A4F6}.Release|Win32.Build.0 = Release|Win32
		{2CE384CD-191F-4079-9855-2537E83B369D}.Debug|Win32.ActiveCfg = Debug|Win32
		{2CE384CD-191F-4079-9855-2537E83B369D}.Debug|Win32.Build.0 = Debug|Win32
		{2CE384CD-191F-4079-9855-2537E83B369D}.Release|Win32.ActiveCfg = Release|Win32
		{2CE384CD-191F-4079-9855-2537E83B369D}.Release|Win32.Build.0 = Release|Win32
		{DCBD99FE-BF9E-4474-AFEE-A78ACE1E8FCD}.Debug|Win32.ActiveCfg = Debug|Win32
		{DCBD99FE-BF9E-4474-AFEE-A78ACE1E8FCD}.Debug|Win32.Build.0 = Debug|Win32
		{DCBD99FE-BF9E-4474-AFEE-A78ACE1E8FCD}.Release|Win32.ActiveCfg = Release|Win32
		{DCBD99FE-BF9E-4474-AFEE-A78ACE1E8FCD}.Release|Win32.Build.0 = Release|Win32
		{8B53D130-0DCB-478A-B4AB-7E162AFD4DFE}.Debug|Win32.ActiveCfg = Debug|Win32
		{8B53D130-0DCB-478A-B4AB-7E162AFD4DFE}.Debug|Win32.Build.0 = Debug|Win32
		{8B53D130-0DCB-478A-B4AB-7E162AFD4DFE}.Release|Win32.ActiveCfg = Release|Win32
		{8B53D130-0DCB-478A-B4AB-7E162AFD4DFE}.Release|Win32.Build.0 = Release|Win32
		{EE097FF0-4081-40F1-8767-23F90BE8884B}.Debug|Win32.ActiveCfg = Debug|Win32
		{EE097FF0-4081-40F1-8767-23F90BE8884B}.Debug|Win32.Build.0 = Debug|Win32
		{EE097FF0-4081-40F1-8767-23F90BE8884B}.Release|Win32.ActiveCfg = Release|Win32
		{EE097FF0-4081-40F1-8767-23F90BE8884B}.Release|Win32.Build.0 = Release|Win32
		{2BF8D667-E887-42FC-978A-2482A2BD22DF}.Debug|Win32.ActiveCfg = Debug|Win32
		{2BF8D667-E887-42FC-978A-2482A2BD22DF}.Debug|Win32.Build.0 = Debug|Win32
		{2BF8D667-E887-42FC-978A-2482A2BD22DF}.Release|Win32.ActiveCfg = Release|Win32
		{2BF8D667-E887-42FC-978A-2482A2BD22DF}.Release|Win32.Build.0 = Release|Win32
		{E1CF1402-FB36-40B4-9A60-980E427FAB00}.Debug|Win32.ActiveCfg = Debug|Win32
		{E1CF1402-FB36-40B4-9A60-980E427FAB00}.Debug|Win32.Build.0 = Debug|Win32
		{E1CF1402-FB36-40B4-9A60-980E427FAB00}.Release|Win32.ActiveCfg = Release|Win32
		{E1CF1402-FB36-40B4-9A60-980E427FAB00}.Release|Win32.Build.0 = Release|Win32
		{2BA92008-0070-4E46-BFCF-5DA311317E97}.Debug|Win32.ActiveCfg = Debug|Win32
		{2BA92008-0070-4E46-BFCF-5DA311317E97}.Debug|Win32.Build.0 = Debug|Win32
		{2BA92008-0070-4E46-BFCF-5DA311317E97}.Release|Win32.ActiveCfg = Release|Win32
		{2BA92008-0070-4E46-BFCF-5DA311317E97}.Release|Win32.Build.0 = Release|Win32
		{BD9A7921-8D72-4536-8D1E-BCBB03DD3F41}.Debug|Win32.ActiveCfg = Debug|Win32
		{BD9A7921-8D72-4536-8D1E-BCBB03DD3F41}.Debug|Win32.Build.0 = Debug|Win32
		{BD9A7921-8D72-4536-8D1E-BCBB03DD3F41}.Release|Win32.ActiveCfg = Release|Win32
		{BD9A7921-8D72-4536-8D1E-BCBB03DD3F41}.Release|Win32.Build.0 = Release|Win32
		{FC74DF76-91B2-459F-8531-F127B92E4106}.Debug|Win32.ActiveCfg = Debug|Win32
		{FC74DF76-91B2-459F-8531-F127B92E4106}.Debug|Win32.Build.0 = Debug|Win32
		{FC74DF76-91B2-459F-8531-F127B92E4106}.Release|Win32.ActiveCfg = Release|Win32
		{FC74DF76-91B2-459F-8531-F127B92E4106}.Release|Win32.Build.0 = Release|Win32
		{FE8F579D-ED32-4BB2-A55A-E7BC61477F0D}.Debug|Win32.ActiveCfg = Debug|Win32
		{FE8F579D-ED32-4BB2-A55A-E7BC61477F0D}.Debug|Win32.Build.0 = Debug|Win32
		{FE8F579D-ED32-4BB2-A55A-E7BC61477F0D}.Release|Win32.ActiveCfg = Release|Win32
		{FE8F579D-ED32-4BB2-A55A-E7BC61477F0D}.Release|Win32.Build.0 = Release|Win32
	EndGlobalSection
	GlobalSection(SolutionProperties) = preSolution
		HideSolutionNode = FALSE
	EndGlobalSection
EndGlobal
